
Microsoft Visual Studio Solution File, Format Version 12.00
# Visual Studio Version 17
VisualStudioVersion = 17.14.36414.22 d17.14
MinimumVisualStudioVersion = 10.0.40219.1
Project("{FAE04EC0-301F-11D3-BF4B-00C04F79EFBC}") = "TheTowerOfHanoiBaseCode", "TheTowerOfHanoiBaseCode\TheTowerOfHanoiBaseCode.csproj", "{1D756E69-64EA-4537-896D-E2A02DF0ADFC}"
EndProject
Global
	GlobalSection(SolutionConfigurationPlatforms) = preSolution
		Debug|Any CPU = Debug|Any CPU
		Release|Any CPU = Release|Any CPU
	EndGlobalSection
	GlobalSection(ProjectConfigurationPlatforms) = postSolution
		{1D756E69-64EA-4537-896D-E2A02DF0ADFC}.Debug|Any CPU.ActiveCfg = Debug|Any CPU
		{1D756E69-64EA-4537-896D-E2A02DF0ADFC}.Debug|Any CPU.Build.0 = Debug|Any CPU
		{1D756E69-64EA-4537-896D-E2A02DF0ADFC}.Release|Any CPU.ActiveCfg = Release|Any CPU
		{1D756E69-64EA-4537-896D-E2A02DF0ADFC}.Release|Any CPU.Build.0 = Release|Any CPU
	EndGlobalSection
	GlobalSection(SolutionProperties) = preSolution
		HideSolutionNode = FALSE
	EndGlobalSection
	GlobalSection(ExtensibilityGlobals) = postSolution
		SolutionGuid = {60C22D4E-2284-4422-AEC5-B7B7D9AB45AC}
	EndGlobalSection
EndGlobal
